
Microsoft Visual Studio Solution File, Format Version 12.00
# Visual Studio 2013
VisualStudioVersion = 12.0.31101.0
MinimumVisualStudioVersion = 10.0.40219.1
Project("{8BC9CEB8-8B4A-11D0-8D11-00A0C91BC942}") = "ITP1_10_D", "ITP1_10_D\ITP1_10_D.vcxproj", "{C01F386B-37E8-4F67-8967-A9E441257C8E}"
EndProject
Global
	GlobalSection(SolutionConfigurationPlatforms) = preSolution
		Debug|Win32 = Debug|Win32
		Release|Win32 = Release|Win32
	EndGlobalSection
	GlobalSection(ProjectConfigurationPlatforms) = postSolution
		{C01F386B-37E8-4F67-8967-A9E441257C8E}.Debug|Win32.ActiveCfg = Debug|Win32
		{C01F386B-37E8-4F67-8967-A9E441257C8E}.Debug|Win32.Build.0 = Debug|Win32
		{C01F386B-37E8-4F67-8967-A9E441257C8E}.Release|Win32.ActiveCfg = Release|Win32
		{C01F386B-37E8-4F67-8967-A9E441257C8E}.Release|Win32.Build.0 = Release|Win32
	EndGlobalSection
	GlobalSection(SolutionProperties) = preSolution
		HideSolutionNode = FALSE
	EndGlobalSection
EndGlobal
